// !$*UTF8*$!
{
	archiveVersion = 1;
	classes = {
	};
	objectVersion = 50;
	objects = {

/* Begin PBXBuildFile section */
		9E2219D720C7BEB2004C165C /* CommonHeader.swift in Sources */ = {isa = PBXBuildFile; fileRef = 9E2219D620C7BEB2004C165C /* CommonHeader.swift */; };
		9E273F7820C031730089E670 /* BasicController.swift in Sources */ = {isa = PBXBuildFile; fileRef = 9E273F7720C031730089E670 /* BasicController.swift */; };
		9E453CE020C786E000DDB667 /* StringExtension.swift in Sources */ = {isa = PBXBuildFile; fileRef = 9E453CDF20C786E000DDB667 /* StringExtension.swift */; };
		9E7D48EC20BAA2E300614B6B /* AppDelegate.swift in Sources */ = {isa = PBXBuildFile; fileRef = 9E7D48EB20BAA2E300614B6B /* AppDelegate.swift */; };
		9E7D48EE20BAA2E300614B6B /* ViewController.swift in Sources */ = {isa = PBXBuildFile; fileRef = 9E7D48ED20BAA2E300614B6B /* ViewController.swift */; };
		9E7D48F120BAA2E300614B6B /* Main.storyboard in Resources */ = {isa = PBXBuildFile; fileRef = 9E7D48EF20BAA2E300614B6B /* Main.storyboard */; };
		9E7D48F320BAA2E500614B6B /* Assets.xcassets in Resources */ = {isa = PBXBuildFile; fileRef = 9E7D48F220BAA2E500614B6B /* Assets.xcassets */; };
		9E7D48F620BAA2E500614B6B /* LaunchScreen.storyboard in Resources */ = {isa = PBXBuildFile; fileRef = 9E7D48F420BAA2E500614B6B /* LaunchScreen.storyboard */; };
		9E7D490020BAA7BE00614B6B /* AlgorithmVC.swift in Sources */ = {isa = PBXBuildFile; fileRef = 9E7D48FF20BAA7BE00614B6B /* AlgorithmVC.swift */; };
		9E7D490220BAA7CE00614B6B /* DataStructureVC.swift in Sources */ = {isa = PBXBuildFile; fileRef = 9E7D490120BAA7CE00614B6B /* DataStructureVC.swift */; };
		9EE97EBF20CEBBCB00FBFC6F /* ViewExtension.swift in Sources */ = {isa = PBXBuildFile; fileRef = 9EE97EBE20CEBBCB00FBFC6F /* ViewExtension.swift */; };
		B3C75A6B1C79648DF2599783 /* Pods_JoyOfDataSturctureApp.framework in Frameworks */ = {isa = PBXBuildFile; fileRef = 0D963EBDB4BF61465836A2E1 /* Pods_JoyOfDataSturctureApp.framework */; };
/* End PBXBuildFile section */

/* Begin PBXFileReference section */
		07D83770F5046DF1CDE2F868 /* Pods-JoyOfDataSturctureApp.release.xcconfig */ = {isa = PBXFileReference; includeInIndex = 1; lastKnownFileType = text.xcconfig; name = "Pods-JoyOfDataSturctureApp.release.xcconfig"; path = "Pods/Target Support Files/Pods-JoyOfDataSturctureApp/Pods-JoyOfDataSturctureApp.release.xcconfig"; sourceTree = "<group>"; };
		0D963EBDB4BF61465836A2E1 /* Pods_JoyOfDataSturctureApp.framework */ = {isa = PBXFileReference; explicitFileType = wrapper.framework; includeInIndex = 0; path = Pods_JoyOfDataSturctureApp.framework; sourceTree = BUILT_PRODUCTS_DIR; };
		21154B0AC8B81426C7951FF1 /* Pods-JoyOfDataSturctureApp.debug.xcconfig */ = {isa = PBXFileReference; includeInIndex = 1; lastKnownFileType = text.xcconfig; name = "Pods-JoyOfDataSturctureApp.debug.xcconfig"; path = "Pods/Target Support Files/Pods-JoyOfDataSturctureApp/Pods-JoyOfDataSturctureApp.debug.xcconfig"; sourceTree = "<group>"; };
		9E2219D620C7BEB2004C165C /* CommonHeader.swift */ = {isa = PBXFileReference; lastKnownFileType = sourcecode.swift; path = CommonHeader.swift; sourceTree = "<group>"; };
		9E273F7720C031730089E670 /* BasicController.swift */ = {isa = PBXFileReference; lastKnownFileType = sourcecode.swift; path = BasicController.swift; sourceTree = "<group>"; };
		9E453CDF20C786E000DDB667 /* StringExtension.swift */ = {isa = PBXFileReference; lastKnownFileType = sourcecode.swift; path = StringExtension.swift; sourceTree = "<group>"; };
		9E7D48E820BAA2E300614B6B /* JoyOfDataSturctureApp.app */ = {isa = PBXFileReference; explicitFileType = wrapper.application; includeInIndex = 0; path = JoyOfDataSturctureApp.app; sourceTree = BUILT_PRODUCTS_DIR; };
		9E7D48EB20BAA2E300614B6B /* AppDelegate.swift */ = {isa = PBXFileReference; lastKnownFileType = sourcecode.swift; path = AppDelegate.swift; sourceTree = "<group>"; };
		9E7D48ED20BAA2E300614B6B /* ViewController.swift */ = {isa = PBXFileReference; lastKnownFileType = sourcecode.swift; path = ViewController.swift; sourceTree = "<group>"; };
		9E7D48F020BAA2E300614B6B /* Base */ = {isa = PBXFileReference; lastKnownFileType = file.storyboard; name = Base; path = Base.lproj/Main.storyboard; sourceTree = "<group>"; };
		9E7D48F220BAA2E500614B6B /* Assets.xcassets */ = {isa = PBXFileReference; lastKnownFileType = folder.assetcatalog; path = Assets.xcassets; sourceTree = "<group>"; };
		9E7D48F520BAA2E500614B6B /* Base */ = {isa = PBXFileReference; lastKnownFileType = file.storyboard; name = Base; path = Base.lproj/LaunchScreen.storyboard; sourceTree = "<group>"; };
		9E7D48F720BAA2E500614B6B /* Info.plist */ = {isa = PBXFileReference; lastKnownFileType = text.plist.xml; path = Info.plist; sourceTree = "<group>"; };
		9E7D48FF20BAA7BE00614B6B /* AlgorithmVC.swift */ = {isa = PBXFileReference; lastKnownFileType = sourcecode.swift; path = AlgorithmVC.swift; sourceTree = "<group>"; };
		9E7D490120BAA7CE00614B6B /* DataStructureVC.swift */ = {isa = PBXFileReference; lastKnownFileType = sourcecode.swift; path = DataStructureVC.swift; sourceTree = "<group>"; };
		9EE97EBE20CEBBCB00FBFC6F /* ViewExtension.swift */ = {isa = PBXFileReference; lastKnownFileType = sourcecode.swift; path = ViewExtension.swift; sourceTree = "<group>"; };
/* End PBXFileReference section */

/* Begin PBXFrameworksBuildPhase section */
		9E7D48E520BAA2E300614B6B /* Frameworks */ = {
			isa = PBXFrameworksBuildPhase;
			buildActionMask = 2147483647;
			files = (
				B3C75A6B1C79648DF2599783 /* Pods_JoyOfDataSturctureApp.framework in Frameworks */,
			);
			runOnlyForDeploymentPostprocessing = 0;
		};
/* End PBXFrameworksBuildPhase section */

/* Begin PBXGroup section */
		12842347DF3D83D94F1E8663 /* Frameworks */ = {
			isa = PBXGroup;
			children = (
				0D963EBDB4BF61465836A2E1 /* Pods_JoyOfDataSturctureApp.framework */,
			);
			name = Frameworks;
			sourceTree = "<group>";
		};
		9E7D48DF20BAA2E300614B6B = {
			isa = PBXGroup;
			children = (
				9E7D48EA20BAA2E300614B6B /* JoyOfDataSturctureApp */,
				9E7D48E920BAA2E300614B6B /* Products */,
				EA8656F2990178D598013F34 /* Pods */,
				12842347DF3D83D94F1E8663 /* Frameworks */,
			);
			sourceTree = "<group>";
		};
		9E7D48E920BAA2E300614B6B /* Products */ = {
			isa = PBXGroup;
			children = (
				9E7D48E820BAA2E300614B6B /* JoyOfDataSturctureApp.app */,
			);
			name = Products;
			sourceTree = "<group>";
		};
		9E7D48EA20BAA2E300614B6B /* JoyOfDataSturctureApp */ = {
			isa = PBXGroup;
			children = (
				9E7D48FE20BAA75A00614B6B /* Algorithm */,
				9E7D48FD20BAA72100614B6B /* DataStructure */,
				9E7D48EB20BAA2E300614B6B /* AppDelegate.swift */,
				9E7D48ED20BAA2E300614B6B /* ViewController.swift */,
				9E7D48EF20BAA2E300614B6B /* Main.storyboard */,
				9E7D48F220BAA2E500614B6B /* Assets.xcassets */,
				9E7D48F420BAA2E500614B6B /* LaunchScreen.storyboard */,
				9E7D48F720BAA2E500614B6B /* Info.plist */,
				9E273F7720C031730089E670 /* BasicController.swift */,
				9E453CDF20C786E000DDB667 /* StringExtension.swift */,
				9E2219D620C7BEB2004C165C /* CommonHeader.swift */,
				9EE97EBE20CEBBCB00FBFC6F /* ViewExtension.swift */,
			);
			path = JoyOfDataSturctureApp;
			sourceTree = "<group>";
		};
		9E7D48FD20BAA72100614B6B /* DataStructure */ = {
			isa = PBXGroup;
			children = (
				9E7D490120BAA7CE00614B6B /* DataStructureVC.swift */,
			);
			path = DataStructure;
			sourceTree = "<group>";
		};
		9E7D48FE20BAA75A00614B6B /* Algorithm */ = {
			isa = PBXGroup;
			children = (
				9E7D48FF20BAA7BE00614B6B /* AlgorithmVC.swift */,
			);
			path = Algorithm;
			sourceTree = "<group>";
		};
		EA8656F2990178D598013F34 /* Pods */ = {
			isa = PBXGroup;
			children = (
				21154B0AC8B81426C7951FF1 /* Pods-JoyOfDataSturctureApp.debug.xcconfig */,
				07D83770F5046DF1CDE2F868 /* Pods-JoyOfDataSturctureApp.release.xcconfig */,
			);
			name = Pods;
			sourceTree = "<group>";
		};
/* End PBXGroup section */

/* Begin PBXNativeTarget section */
		9E7D48E720BAA2E300614B6B /* JoyOfDataSturctureApp */ = {
			isa = PBXNativeTarget;
			buildConfigurationList = 9E7D48FA20BAA2E500614B6B /* Build configuration list for PBXNativeTarget "JoyOfDataSturctureApp" */;
			buildPhases = (
				855E77980C395FD6A8057F2D /* [CP] Check Pods Manifest.lock */,
				9E7D48E420BAA2E300614B6B /* Sources */,
				9E7D48E520BAA2E300614B6B /* Frameworks */,
				9E7D48E620BAA2E300614B6B /* Resources */,
				3D948A27D227184F746317E7 /* [CP] Embed Pods Frameworks */,
			);
			buildRules = (
			);
			dependencies = (
			);
			name = JoyOfDataSturctureApp;
			productName = JoyOfDataSturctureApp;
			productReference = 9E7D48E820BAA2E300614B6B /* JoyOfDataSturctureApp.app */;
			productType = "com.apple.product-type.application";
		};
/* End PBXNativeTarget section */

/* Begin PBXProject section */
		9E7D48E020BAA2E300614B6B /* Project object */ = {
			isa = PBXProject;
			attributes = {
				LastSwiftUpdateCheck = 0930;
				LastUpgradeCheck = 0930;
				ORGANIZATIONNAME = BMu;
				TargetAttributes = {
					9E7D48E720BAA2E300614B6B = {
						CreatedOnToolsVersion = 9.3;
					};
				};
			};
			buildConfigurationList = 9E7D48E320BAA2E300614B6B /* Build configuration list for PBXProject "JoyOfDataSturctureApp" */;
			compatibilityVersion = "Xcode 9.3";
			developmentRegion = en;
			hasScannedForEncodings = 0;
			knownRegions = (
				en,
				Base,
			);
			mainGroup = 9E7D48DF20BAA2E300614B6B;
			productRefGroup = 9E7D48E920BAA2E300614B6B /* Products */;
			projectDirPath = "";
			projectRoot = "";
			targets = (
				9E7D48E720BAA2E300614B6B /* JoyOfDataSturctureApp */,
			);
		};
/* End PBXProject section */

/* Begin PBXResourcesBuildPhase section */
		9E7D48E620BAA2E300614B6B /* Resources */ = {
			isa = PBXResourcesBuildPhase;
			buildActionMask = 2147483647;
			files = (
				9E7D48F620BAA2E500614B6B /* LaunchScreen.storyboard in Resources */,
				9E7D48F320BAA2E500614B6B /* Assets.xcassets in Resources */,
				9E7D48F120BAA2E300614B6B /* Main.storyboard in Resources */,
			);
			runOnlyForDeploymentPostprocessing = 0;
		};
/* End PBXResourcesBuildPhase section */

/* Begin PBXShellScriptBuildPhase section */
		3D948A27D227184F746317E7 /* [CP] Embed Pods Frameworks */ = {
			isa = PBXShellScriptBuildPhase;
			buildActionMask = 2147483647;
			files = (
			);
			inputPaths = (
				"${SRCROOT}/Pods/Target Support Files/Pods-JoyOfDataSturctureApp/Pods-JoyOfDataSturctureApp-frameworks.sh",
				"${BUILT_PRODUCTS_DIR}/SnapKit/SnapKit.framework",
			);
			name = "[CP] Embed Pods Frameworks";
			outputPaths = (
				"${TARGET_BUILD_DIR}/${FRAMEWORKS_FOLDER_PATH}/SnapKit.framework",
			);
			runOnlyForDeploymentPostprocessing = 0;
			shellPath = /bin/sh;
			shellScript = "\"${SRCROOT}/Pods/Target Support Files/Pods-JoyOfDataSturctureApp/Pods-JoyOfDataSturctureApp-frameworks.sh\"\n";
			showEnvVarsInLog = 0;
		};
		855E77980C395FD6A8057F2D /* [CP] Check Pods Manifest.lock */ = {
			isa = PBXShellScriptBuildPhase;
			buildActionMask = 2147483647;
			files = (
			);
			inputPaths = (
				"${PODS_PODFILE_DIR_PATH}/Podfile.lock",
				"${PODS_ROOT}/Manifest.lock",
			);
			name = "[CP] Check Pods Manifest.lock";
			outputPaths = (
				"$(DERIVED_FILE_DIR)/Pods-JoyOfDataSturctureApp-checkManifestLockResult.txt",
			);
			runOnlyForDeploymentPostprocessing = 0;
			shellPath = /bin/sh;
			shellScript = "diff \"${PODS_PODFILE_DIR_PATH}/Podfile.lock\" \"${PODS_ROOT}/Manifest.lock\" > /dev/null\nif [ $? != 0 ] ; then\n    # print error to STDERR\n    echo \"error: The sandbox is not in sync with the Podfile.lock. Run 'pod install' or update your CocoaPods installation.\" >&2\n    exit 1\nfi\n# This output is used by Xcode 'outputs' to avoid re-running this script phase.\necho \"SUCCESS\" > \"${SCRIPT_OUTPUT_FILE_0}\"\n";
			showEnvVarsInLog = 0;
		};
/* End PBXShellScriptBuildPhase section */

/* Begin PBXSourcesBuildPhase section */
		9E7D48E420BAA2E300614B6B /* Sources */ = {
			isa = PBXSourcesBuildPhase;
			buildActionMask = 2147483647;
			files = (
				9E7D490220BAA7CE00614B6B /* DataStructureVC.swift in Sources */,
				9E7D48EE20BAA2E300614B6B /* ViewController.swift in Sources */,
				9E453CE020C786E000DDB667 /* StringExtension.swift in Sources */,
				9E7D490020BAA7BE00614B6B /* AlgorithmVC.swift in Sources */,
				9E2219D720C7BEB2004C165C /* CommonHeader.swift in Sources */,
				9E273F7820C031730089E670 /* BasicController.swift in Sources */,
				9EE97EBF20CEBBCB00FBFC6F /* ViewExtension.swift in Sources */,
				9E7D48EC20BAA2E300614B6B /* AppDelegate.swift in Sources */,
			);
			runOnlyForDeploymentPostprocessing = 0;
		};
/* End PBXSourcesBuildPhase section */

/* Begin PBXVariantGroup section */
		9E7D48EF20BAA2E300614B6B /* Main.storyboard */ = {
			isa = PBXVariantGroup;
			children = (
				9E7D48F020BAA2E300614B6B /* Base */,
			);
			name = Main.storyboard;
			sourceTree = "<group>";
		};
		9E7D48F420BAA2E500614B6B /* LaunchScreen.storyboard */ = {
			isa = PBXVariantGroup;
			children = (
				9E7D48F520BAA2E500614B6B /* Base */,
			);
			name = LaunchScreen.storyboard;
			sourceTree = "<group>";
		};
/* End PBXVariantGroup section */

/* Begin XCBuildConfiguration section */
		9E7D48F820BAA2E500614B6B /* Debug */ = {
			isa = XCBuildConfiguration;
			buildSettings = {
				ALWAYS_SEARCH_USER_PATHS = NO;
				CLANG_ANALYZER_NONNULL = YES;
				CLANG_ANALYZER_NUMBER_OBJECT_CONVERSION = YES_AGGRESSIVE;
				CLANG_CXX_LANGUAGE_STANDARD = "gnu++14";
				CLANG_CXX_LIBRARY = "libc++";
				CLANG_ENABLE_MODULES = YES;
				CLANG_ENABLE_OBJC_ARC = YES;
				CLANG_ENABLE_OBJC_WEAK = YES;
				CLANG_WARN_BLOCK_CAPTURE_AUTORELEASING = YES;
				CLANG_WARN_BOOL_CONVERSION = YES;
				CLANG_WARN_COMMA = YES;
				CLANG_WARN_CONSTANT_CONVERSION = YES;
				CLANG_WARN_DEPRECATED_OBJC_IMPLEMENTATIONS = YES;
				CLANG_WARN_DIRECT_OBJC_ISA_USAGE = YES_ERROR;
				CLANG_WARN_DOCUMENTATION_COMMENTS = YES;
				CLANG_WARN_EMPTY_BODY = YES;
				CLANG_WARN_ENUM_CONVERSION = YES;
				CLANG_WARN_INFINITE_RECURSION = YES;
				CLANG_WARN_INT_CONVERSION = YES;
				CLANG_WARN_NON_LITERAL_NULL_CONVERSION = YES;
				CLANG_WARN_OBJC_IMPLICIT_RETAIN_SELF = YES;
				CLANG_WARN_OBJC_LITERAL_CONVERSION = YES;
				CLANG_WARN_OBJC_ROOT_CLASS = YES_ERROR;
				CLANG_WARN_RANGE_LOOP_ANALYSIS = YES;
				CLANG_WARN_STRICT_PROTOTYPES = YES;
				CLANG_WARN_SUSPICIOUS_MOVE = YES;
				CLANG_WARN_UNGUARDED_AVAILABILITY = YES_AGGRESSIVE;
				CLANG_WARN_UNREACHABLE_CODE = YES;
				CLANG_WARN__DUPLICATE_METHOD_MATCH = YES;
				CODE_SIGN_IDENTITY = "iPhone Developer";
				COPY_PHASE_STRIP = NO;
				DEBUG_INFORMATION_FORMAT = dwarf;
				ENABLE_STRICT_OBJC_MSGSEND = YES;
				ENABLE_TESTABILITY = YES;
				GCC_C_LANGUAGE_STANDARD = gnu11;
				GCC_DYNAMIC_NO_PIC = NO;
				GCC_NO_COMMON_BLOCKS = YES;
				GCC_OPTIMIZATION_LEVEL = 0;
				GCC_PREPROCESSOR_DEFINITIONS = (
					"DEBUG=1",
					"$(inherited)",
				);
				GCC_WARN_64_TO_32_BIT_CONVERSION = YES;
				GCC_WARN_ABOUT_RETURN_TYPE = YES_ERROR;
				GCC_WARN_UNDECLARED_SELECTOR = YES;
				GCC_WARN_UNINITIALIZED_AUTOS = YES_AGGRESSIVE;
				GCC_WARN_UNUSED_FUNCTION = YES;
				GCC_WARN_UNUSED_VARIABLE = YES;
				IPHONEOS_DEPLOYMENT_TARGET = 11.3;
				MTL_ENABLE_DEBUG_INFO = YES;
				ONLY_ACTIVE_ARCH = YES;
				SDKROOT = iphoneos;
				SWIFT_ACTIVE_COMPILATION_CONDITIONS = DEBUG;
				SWIFT_OPTIMIZATION_LEVEL = "-Onone";
			};
			name = Debug;
		};
		9E7D48F920BAA2E500614B6B /* Release */ = {
			isa = XCBuildConfiguration;
			buildSettings = {
				ALWAYS_SEARCH_USER_PATHS = NO;
				CLANG_ANALYZER_NONNULL = YES;
				CLANG_ANALYZER_NUMBER_OBJECT_CONVERSION = YES_AGGRESSIVE;
				CLANG_CXX_LANGUAGE_STANDARD = "gnu++14";
				CLANG_CXX_LIBRARY = "libc++";
				CLANG_ENABLE_MODULES = YES;
				CLANG_ENABLE_OBJC_ARC = YES;
				CLANG_ENABLE_OBJC_WEAK = YES;
				CLANG_WARN_BLOCK_CAPTURE_AUTORELEASING = YES;
				CLANG_WARN_BOOL_CONVERSION = YES;
				CLANG_WARN_COMMA = YES;
				CLANG_WARN_CONSTANT_CONVERSION = YES;
				CLANG_WARN_DEPRECATED_OBJC_IMPLEMENTATIONS = YES;
				CLANG_WARN_DIRECT_OBJC_ISA_USAGE = YES_ERROR;
				CLANG_WARN_DOCUMENTATION_COMMENTS = YES;
				CLANG_WARN_EMPTY_BODY = YES;
				CLANG_WARN_ENUM_CONVERSION = YES;
				CLANG_WARN_INFINITE_RECURSION = YES;
				CLANG_WARN_INT_CONVERSION = YES;
				CLANG_WARN_NON_LITERAL_NULL_CONVERSION = YES;
				CLANG_WARN_OBJC_IMPLICIT_RETAIN_SELF = YES;
				CLANG_WARN_OBJC_LITERAL_CONVERSION = YES;
				CLANG_WARN_OBJC_ROOT_CLASS = YES_ERROR;
				CLANG_WARN_RANGE_LOOP_ANALYSIS = YES;
				CLANG_WARN_STRICT_PROTOTYPES = YES;
				CLANG_WARN_SUSPICIOUS_MOVE = YES;
				CLANG_WARN_UNGUARDED_AVAILABILITY = YES_AGGRESSIVE;
				CLANG_WARN_UNREACHABLE_CODE = YES;
				CLANG_WARN__DUPLICATE_METHOD_MATCH = YES;
				CODE_SIGN_IDENTITY = "iPhone Developer";
				COPY_PHASE_STRIP = NO;
				DEBUG_INFORMATION_FORMAT = "dwarf-with-dsym";
				ENABLE_NS_ASSERTIONS = NO;
				ENABLE_STRICT_OBJC_MSGSEND = YES;
				GCC_C_LANGUAGE_STANDARD = gnu11;
				GCC_NO_COMMON_BLOCKS = YES;
				GCC_WARN_64_TO_32_BIT_CONVERSION = YES;
				GCC_WARN_ABOUT_RETURN_TYPE = YES_ERROR;
				GCC_WARN_UNDECLARED_SELECTOR = YES;
				GCC_WARN_UNINITIALIZED_AUTOS = YES_AGGRESSIVE;
				GCC_WARN_UNUSED_FUNCTION = YES;
				GCC_WARN_UNUSED_VARIABLE = YES;
				IPHONEOS_DEPLOYMENT_TARGET = 11.3;
				MTL_ENABLE_DEBUG_INFO = NO;
				SDKROOT = iphoneos;
				SWIFT_COMPILATION_MODE = wholemodule;
				SWIFT_OPTIMIZATION_LEVEL = "-O";
				VALIDATE_PRODUCT = YES;
			};
			name = Release;
		};
		9E7D48FB20BAA2E500614B6B /* Debug */ = {
			isa = XCBuildConfiguration;
			baseConfigurationReference = 21154B0AC8B81426C7951FF1 /* Pods-JoyOfDataSturctureApp.debug.xcconfig */;
			buildSettings = {
				ASSETCATALOG_COMPILER_APPICON_NAME = AppIcon;
				CODE_SIGN_STYLE = Automatic;
				DEVELOPMENT_TEAM = UWK9V682NW;
				INFOPLIST_FILE = JoyOfDataSturctureApp/Info.plist;
				LD_RUNPATH_SEARCH_PATHS = "$(inherited) @executable_path/Frameworks";
				PRODUCT_BUNDLE_IDENTIFIER = com.bmu.JoyOfDataSturctureApp;
				PRODUCT_NAME = "$(TARGET_NAME)";
				SWIFT_VERSION = 4.0;
				TARGETED_DEVICE_FAMILY = "1,2";
			};
			name = Debug;
		};
		9E7D48FC20BAA2E500614B6B /* Release */ = {
			isa = XCBuildConfiguration;
			baseConfigurationReference = 07D83770F5046DF1CDE2F868 /* Pods-JoyOfDataSturctureApp.release.xcconfig */;
			buildSettings = {
				ASSETCATALOG_COMPILER_APPICON_NAME = AppIcon;
				CODE_SIGN_STYLE = Automatic;
				DEVELOPMENT_TEAM = UWK9V682NW;
				INFOPLIST_FILE = JoyOfDataSturctureApp/Info.plist;
				LD_RUNPATH_SEARCH_PATHS = "$(inherited) @executable_path/Frameworks";
				PRODUCT_BUNDLE_IDENTIFIER = com.bmu.JoyOfDataSturctureApp;
				PRODUCT_NAME = "$(TARGET_NAME)";
				SWIFT_VERSION = 4.0;
				TARGETED_DEVICE_FAMILY = "1,2";
			};
			name = Release;
		};
/* End XCBuildConfiguration section */

/* Begin XCConfigurationList section */
		9E7D48E320BAA2E300614B6B /* Build configuration list for PBXProject "JoyOfDataSturctureApp" */ = {
			isa = XCConfigurationList;
			buildConfigurations = (
				9E7D48F820BAA2E500614B6B /* Debug */,
				9E7D48F920BAA2E500614B6B /* Release */,
			);
			defaultConfigurationIsVisible = 0;
			defaultConfigurationName = Release;
		};
		9E7D48FA20BAA2E500614B6B /* Build configuration list for PBXNativeTarget "JoyOfDataSturctureApp" */ = {
			isa = XCConfigurationList;
			buildConfigurations = (
				9E7D48FB20BAA2E500614B6B /* Debug */,
				9E7D48FC20BAA2E500614B6B /* Release */,
			);
			defaultConfigurationIsVisible = 0;
			defaultConfigurationName = Release;
		};
/* End XCConfigurationList section */
	};
	rootObject = 9E7D48E020BAA2E300614B6B /* Project object */;
}
